// !$*UTF8*$!
{
	archiveVersion = 1;
	classes = {
	};
	objectVersion = 50;
	objects = {

/* Begin PBXBuildFile section */
		3E63056B21D2442800EAAE59 /* DataSource.swift in Sources */ = {isa = PBXBuildFile; fileRef = 3E63056A21D2442800EAAE59 /* DataSource.swift */; };
		3E63056D21D2444C00EAAE59 /* DataSourceSection.swift in Sources */ = {isa = PBXBuildFile; fileRef = 3E63056C21D2444C00EAAE59 /* DataSourceSection.swift */; };
		3E63056F21D2448300EAAE59 /* CellViewModel.swift in Sources */ = {isa = PBXBuildFile; fileRef = 3E63056E21D2448300EAAE59 /* CellViewModel.swift */; };
		3E63057121D24B2100EAAE59 /* TableViewDataSource.swift in Sources */ = {isa = PBXBuildFile; fileRef = 3E63057021D24B2100EAAE59 /* TableViewDataSource.swift */; };
		3E6FE87421D2849C000FA5BD /* CKContainerApplicationPermissionStatus+Extensions.swift in Sources */ = {isa = PBXBuildFile; fileRef = 3E6FE87321D2849C000FA5BD /* CKContainerApplicationPermissionStatus+Extensions.swift */; };
		3E9AB39321D297010025F503 /* CLAuthorizationStatus+Extensions.swift in Sources */ = {isa = PBXBuildFile; fileRef = 3E9AB39221D297010025F503 /* CLAuthorizationStatus+Extensions.swift */; };
		3E9AB39521D2BB8B0025F503 /* UNAuthorizationStatus+Extensions.swift in Sources */ = {isa = PBXBuildFile; fileRef = 3E9AB39421D2BB8B0025F503 /* UNAuthorizationStatus+Extensions.swift */; };
		3EB2F06621D2507600F8954E /* PermissionItem.swift in Sources */ = {isa = PBXBuildFile; fileRef = 3EB2F06521D2507600F8954E /* PermissionItem.swift */; };
		3EBCE9EB21D24C8700B319FD /* PermissionTableViewCell.swift in Sources */ = {isa = PBXBuildFile; fileRef = 3EBCE9EA21D24C8700B319FD /* PermissionTableViewCell.swift */; };
		3EBCE9ED21D24E0100B319FD /* TableViewCell.swift in Sources */ = {isa = PBXBuildFile; fileRef = 3EBCE9EC21D24E0100B319FD /* TableViewCell.swift */; };
		3EBCE9EF21D24E2E00B319FD /* Constants.swift in Sources */ = {isa = PBXBuildFile; fileRef = 3EBCE9EE21D24E2E00B319FD /* Constants.swift */; };
		3EE5071521D02A0600DDDF07 /* AppDelegate.swift in Sources */ = {isa = PBXBuildFile; fileRef = 3EE5071421D02A0600DDDF07 /* AppDelegate.swift */; };
		3EE5071721D02A0600DDDF07 /* ViewController.swift in Sources */ = {isa = PBXBuildFile; fileRef = 3EE5071621D02A0600DDDF07 /* ViewController.swift */; };
		3EE5071A21D02A0600DDDF07 /* Main.storyboard in Resources */ = {isa = PBXBuildFile; fileRef = 3EE5071821D02A0600DDDF07 /* Main.storyboard */; };
		3EE5071C21D02A0900DDDF07 /* Assets.xcassets in Resources */ = {isa = PBXBuildFile; fileRef = 3EE5071B21D02A0900DDDF07 /* Assets.xcassets */; };
		3EE5071F21D02A0900DDDF07 /* LaunchScreen.storyboard in Resources */ = {isa = PBXBuildFile; fileRef = 3EE5071D21D02A0900DDDF07 /* LaunchScreen.storyboard */; };
		3EE5072721D02AF900DDDF07 /* CloudKitService.swift in Sources */ = {isa = PBXBuildFile; fileRef = 3EE5072621D02AF900DDDF07 /* CloudKitService.swift */; };
		3EE5072B21D02B8200DDDF07 /* CloudKit.framework in Frameworks */ = {isa = PBXBuildFile; fileRef = 3EE5072A21D02B8200DDDF07 /* CloudKit.framework */; };
		3EE5072D21D02C0800DDDF07 /* User.swift in Sources */ = {isa = PBXBuildFile; fileRef = 3EE5072C21D02C0800DDDF07 /* User.swift */; };
		3EE5072F21D02CE200DDDF07 /* UserSharedLocationRecord.swift in Sources */ = {isa = PBXBuildFile; fileRef = 3EE5072E21D02CE200DDDF07 /* UserSharedLocationRecord.swift */; };
		3EE5073121D02FBD00DDDF07 /* CKAccountStatus+Extensions.swift in Sources */ = {isa = PBXBuildFile; fileRef = 3EE5073021D02FBD00DDDF07 /* CKAccountStatus+Extensions.swift */; };
		3EE5073321D031E400DDDF07 /* Syncable.swift in Sources */ = {isa = PBXBuildFile; fileRef = 3EE5073221D031E400DDDF07 /* Syncable.swift */; };
		3EE5073521D0388800DDDF07 /* CKRecord+Extensions.swift in Sources */ = {isa = PBXBuildFile; fileRef = 3EE5073421D0388800DDDF07 /* CKRecord+Extensions.swift */; };
/* End PBXBuildFile section */

/* Begin PBXFileReference section */
		3E63056A21D2442800EAAE59 /* DataSource.swift */ = {isa = PBXFileReference; lastKnownFileType = sourcecode.swift; path = DataSource.swift; sourceTree = "<group>"; };
		3E63056C21D2444C00EAAE59 /* DataSourceSection.swift */ = {isa = PBXFileReference; lastKnownFileType = sourcecode.swift; path = DataSourceSection.swift; sourceTree = "<group>"; };
		3E63056E21D2448300EAAE59 /* CellViewModel.swift */ = {isa = PBXFileReference; lastKnownFileType = sourcecode.swift; path = CellViewModel.swift; sourceTree = "<group>"; };
		3E63057021D24B2100EAAE59 /* TableViewDataSource.swift */ = {isa = PBXFileReference; lastKnownFileType = sourcecode.swift; path = TableViewDataSource.swift; sourceTree = "<group>"; };
		3E6FE87321D2849C000FA5BD /* CKContainerApplicationPermissionStatus+Extensions.swift */ = {isa = PBXFileReference; lastKnownFileType = sourcecode.swift; path = "CKContainerApplicationPermissionStatus+Extensions.swift"; sourceTree = "<group>"; };
		3E9AB39221D297010025F503 /* CLAuthorizationStatus+Extensions.swift */ = {isa = PBXFileReference; lastKnownFileType = sourcecode.swift; path = "CLAuthorizationStatus+Extensions.swift"; sourceTree = "<group>"; };
		3E9AB39421D2BB8B0025F503 /* UNAuthorizationStatus+Extensions.swift */ = {isa = PBXFileReference; lastKnownFileType = sourcecode.swift; path = "UNAuthorizationStatus+Extensions.swift"; sourceTree = "<group>"; };
		3EB2F06521D2507600F8954E /* PermissionItem.swift */ = {isa = PBXFileReference; lastKnownFileType = sourcecode.swift; path = PermissionItem.swift; sourceTree = "<group>"; };
		3EBCE9EA21D24C8700B319FD /* PermissionTableViewCell.swift */ = {isa = PBXFileReference; lastKnownFileType = sourcecode.swift; path = PermissionTableViewCell.swift; sourceTree = "<group>"; };
		3EBCE9EC21D24E0100B319FD /* TableViewCell.swift */ = {isa = PBXFileReference; lastKnownFileType = sourcecode.swift; path = TableViewCell.swift; sourceTree = "<group>"; };
		3EBCE9EE21D24E2E00B319FD /* Constants.swift */ = {isa = PBXFileReference; lastKnownFileType = sourcecode.swift; path = Constants.swift; sourceTree = "<group>"; };
		3EE5071121D02A0600DDDF07 /* LDR.app */ = {isa = PBXFileReference; explicitFileType = wrapper.application; includeInIndex = 0; path = LDR.app; sourceTree = BUILT_PRODUCTS_DIR; };
		3EE5071421D02A0600DDDF07 /* AppDelegate.swift */ = {isa = PBXFileReference; lastKnownFileType = sourcecode.swift; path = AppDelegate.swift; sourceTree = "<group>"; };
		3EE5071621D02A0600DDDF07 /* ViewController.swift */ = {isa = PBXFileReference; lastKnownFileType = sourcecode.swift; path = ViewController.swift; sourceTree = "<group>"; };
		3EE5071921D02A0600DDDF07 /* Base */ = {isa = PBXFileReference; lastKnownFileType = file.storyboard; name = Base; path = Base.lproj/Main.storyboard; sourceTree = "<group>"; };
		3EE5071B21D02A0900DDDF07 /* Assets.xcassets */ = {isa = PBXFileReference; lastKnownFileType = folder.assetcatalog; path = Assets.xcassets; sourceTree = "<group>"; };
		3EE5071E21D02A0900DDDF07 /* Base */ = {isa = PBXFileReference; lastKnownFileType = file.storyboard; name = Base; path = Base.lproj/LaunchScreen.storyboard; sourceTree = "<group>"; };
		3EE5072021D02A0900DDDF07 /* Info.plist */ = {isa = PBXFileReference; lastKnownFileType = text.plist.xml; path = Info.plist; sourceTree = "<group>"; };
		3EE5072621D02AF900DDDF07 /* CloudKitService.swift */ = {isa = PBXFileReference; lastKnownFileType = sourcecode.swift; path = CloudKitService.swift; sourceTree = "<group>"; };
		3EE5072821D02B7600DDDF07 /* LDR.entitlements */ = {isa = PBXFileReference; lastKnownFileType = text.plist.entitlements; path = LDR.entitlements; sourceTree = "<group>"; };
		3EE5072A21D02B8200DDDF07 /* CloudKit.framework */ = {isa = PBXFileReference; lastKnownFileType = wrapper.framework; name = CloudKit.framework; path = System/Library/Frameworks/CloudKit.framework; sourceTree = SDKROOT; };
		3EE5072C21D02C0800DDDF07 /* User.swift */ = {isa = PBXFileReference; lastKnownFileType = sourcecode.swift; path = User.swift; sourceTree = "<group>"; };
		3EE5072E21D02CE200DDDF07 /* UserSharedLocationRecord.swift */ = {isa = PBXFileReference; lastKnownFileType = sourcecode.swift; path = UserSharedLocationRecord.swift; sourceTree = "<group>"; };
		3EE5073021D02FBD00DDDF07 /* CKAccountStatus+Extensions.swift */ = {isa = PBXFileReference; lastKnownFileType = sourcecode.swift; path = "CKAccountStatus+Extensions.swift"; sourceTree = "<group>"; };
		3EE5073221D031E400DDDF07 /* Syncable.swift */ = {isa = PBXFileReference; lastKnownFileType = sourcecode.swift; path = Syncable.swift; sourceTree = "<group>"; };
		3EE5073421D0388800DDDF07 /* CKRecord+Extensions.swift */ = {isa = PBXFileReference; lastKnownFileType = sourcecode.swift; path = "CKRecord+Extensions.swift"; sourceTree = "<group>"; };
/* End PBXFileReference section */

/* Begin PBXFrameworksBuildPhase section */
		3EE5070E21D02A0600DDDF07 /* Frameworks */ = {
			isa = PBXFrameworksBuildPhase;
			buildActionMask = 2147483647;
			files = (
				3EE5072B21D02B8200DDDF07 /* CloudKit.framework in Frameworks */,
			);
			runOnlyForDeploymentPostprocessing = 0;
		};
/* End PBXFrameworksBuildPhase section */

/* Begin PBXGroup section */
		3EE5070821D02A0600DDDF07 = {
			isa = PBXGroup;
			children = (
				3EE5071321D02A0600DDDF07 /* LDR */,
				3EE5071221D02A0600DDDF07 /* Products */,
				3EE5072921D02B8200DDDF07 /* Frameworks */,
			);
			sourceTree = "<group>";
		};
		3EE5071221D02A0600DDDF07 /* Products */ = {
			isa = PBXGroup;
			children = (
				3EE5071121D02A0600DDDF07 /* LDR.app */,
			);
			name = Products;
			sourceTree = "<group>";
		};
		3EE5071321D02A0600DDDF07 /* LDR */ = {
			isa = PBXGroup;
			children = (
				3EE5072821D02B7600DDDF07 /* LDR.entitlements */,
				3EE5071421D02A0600DDDF07 /* AppDelegate.swift */,
				3E63056A21D2442800EAAE59 /* DataSource.swift */,
				3E63057021D24B2100EAAE59 /* TableViewDataSource.swift */,
				3EBCE9EA21D24C8700B319FD /* PermissionTableViewCell.swift */,
				3EBCE9EC21D24E0100B319FD /* TableViewCell.swift */,
				3EBCE9EE21D24E2E00B319FD /* Constants.swift */,
				3EB2F06521D2507600F8954E /* PermissionItem.swift */,
				3E63056C21D2444C00EAAE59 /* DataSourceSection.swift */,
				3E63056E21D2448300EAAE59 /* CellViewModel.swift */,
				3EE5071621D02A0600DDDF07 /* ViewController.swift */,
				3EE5073421D0388800DDDF07 /* CKRecord+Extensions.swift */,
				3EE5072621D02AF900DDDF07 /* CloudKitService.swift */,
				3EE5073021D02FBD00DDDF07 /* CKAccountStatus+Extensions.swift */,
				3E6FE87321D2849C000FA5BD /* CKContainerApplicationPermissionStatus+Extensions.swift */,
				3E9AB39221D297010025F503 /* CLAuthorizationStatus+Extensions.swift */,
				3E9AB39421D2BB8B0025F503 /* UNAuthorizationStatus+Extensions.swift */,
				3EE5072C21D02C0800DDDF07 /* User.swift */,
				3EE5072E21D02CE200DDDF07 /* UserSharedLocationRecord.swift */,
				3EE5073221D031E400DDDF07 /* Syncable.swift */,
				3EE5071821D02A0600DDDF07 /* Main.storyboard */,
				3EE5071B21D02A0900DDDF07 /* Assets.xcassets */,
				3EE5071D21D02A0900DDDF07 /* LaunchScreen.storyboard */,
				3EE5072021D02A0900DDDF07 /* Info.plist */,
			);
			path = LDR;
			sourceTree = "<group>";
		};
		3EE5072921D02B8200DDDF07 /* Frameworks */ = {
			isa = PBXGroup;
			children = (
				3EE5072A21D02B8200DDDF07 /* CloudKit.framework */,
			);
			name = Frameworks;
			sourceTree = "<group>";
		};
/* End PBXGroup section */

/* Begin PBXNativeTarget section */
		3EE5071021D02A0600DDDF07 /* LDR */ = {
			isa = PBXNativeTarget;
			buildConfigurationList = 3EE5072321D02A0900DDDF07 /* Build configuration list for PBXNativeTarget "LDR" */;
			buildPhases = (
				3EE5070D21D02A0600DDDF07 /* Sources */,
				3EE5070E21D02A0600DDDF07 /* Frameworks */,
				3EE5070F21D02A0600DDDF07 /* Resources */,
			);
			buildRules = (
			);
			dependencies = (
			);
			name = LDR;
			productName = LDR;
			productReference = 3EE5071121D02A0600DDDF07 /* LDR.app */;
			productType = "com.apple.product-type.application";
		};
/* End PBXNativeTarget section */

/* Begin PBXProject section */
		3EE5070921D02A0600DDDF07 /* Project object */ = {
			isa = PBXProject;
			attributes = {
				LastSwiftUpdateCheck = 1010;
				LastUpgradeCheck = 1010;
				ORGANIZATIONNAME = "Mo Moosa Ltd";
				TargetAttributes = {
					3EE5071021D02A0600DDDF07 = {
						CreatedOnToolsVersion = 10.1;
						SystemCapabilities = {
							com.apple.BackgroundModes = {
								enabled = 1;
							};
							com.apple.Push = {
								enabled = 1;
							};
							com.apple.iCloud = {
								enabled = 1;
							};
						};
					};
				};
			};
			buildConfigurationList = 3EE5070C21D02A0600DDDF07 /* Build configuration list for PBXProject "LDR" */;
			compatibilityVersion = "Xcode 9.3";
			developmentRegion = en;
			hasScannedForEncodings = 0;
			knownRegions = (
				en,
				Base,
			);
			mainGroup = 3EE5070821D02A0600DDDF07;
			productRefGroup = 3EE5071221D02A0600DDDF07 /* Products */;
			projectDirPath = "";
			projectRoot = "";
			targets = (
				3EE5071021D02A0600DDDF07 /* LDR */,
			);
		};
/* End PBXProject section */

/* Begin PBXResourcesBuildPhase section */
		3EE5070F21D02A0600DDDF07 /* Resources */ = {
			isa = PBXResourcesBuildPhase;
			buildActionMask = 2147483647;
			files = (
				3EE5071F21D02A0900DDDF07 /* LaunchScreen.storyboard in Resources */,
				3EE5071C21D02A0900DDDF07 /* Assets.xcassets in Resources */,
				3EE5071A21D02A0600DDDF07 /* Main.storyboard in Resources */,
			);
			runOnlyForDeploymentPostprocessing = 0;
		};
/* End PBXResourcesBuildPhase section */

/* Begin PBXSourcesBuildPhase section */
		3EE5070D21D02A0600DDDF07 /* Sources */ = {
			isa = PBXSourcesBuildPhase;
			buildActionMask = 2147483647;
			files = (
				3EE5073121D02FBD00DDDF07 /* CKAccountStatus+Extensions.swift in Sources */,
				3EE5072D21D02C0800DDDF07 /* User.swift in Sources */,
				3EE5072721D02AF900DDDF07 /* CloudKitService.swift in Sources */,
				3EE5072F21D02CE200DDDF07 /* UserSharedLocationRecord.swift in Sources */,
				3EE5073521D0388800DDDF07 /* CKRecord+Extensions.swift in Sources */,
				3EBCE9EF21D24E2E00B319FD /* Constants.swift in Sources */,
				3EBCE9ED21D24E0100B319FD /* TableViewCell.swift in Sources */,
				3EB2F06621D2507600F8954E /* PermissionItem.swift in Sources */,
				3EE5071721D02A0600DDDF07 /* ViewController.swift in Sources */,
				3E63057121D24B2100EAAE59 /* TableViewDataSource.swift in Sources */,
				3E9AB39521D2BB8B0025F503 /* UNAuthorizationStatus+Extensions.swift in Sources */,
				3EE5073321D031E400DDDF07 /* Syncable.swift in Sources */,
				3E6FE87421D2849C000FA5BD /* CKContainerApplicationPermissionStatus+Extensions.swift in Sources */,
				3EBCE9EB21D24C8700B319FD /* PermissionTableViewCell.swift in Sources */,
				3E63056D21D2444C00EAAE59 /* DataSourceSection.swift in Sources */,
				3E63056B21D2442800EAAE59 /* DataSource.swift in Sources */,
				3E63056F21D2448300EAAE59 /* CellViewModel.swift in Sources */,
				3E9AB39321D297010025F503 /* CLAuthorizationStatus+Extensions.swift in Sources */,
				3EE5071521D02A0600DDDF07 /* AppDelegate.swift in Sources */,
			);
			runOnlyForDeploymentPostprocessing = 0;
		};
/* End PBXSourcesBuildPhase section */

/* Begin PBXVariantGroup section */
		3EE5071821D02A0600DDDF07 /* Main.storyboard */ = {
			isa = PBXVariantGroup;
			children = (
				3EE5071921D02A0600DDDF07 /* Base */,
			);
			name = Main.storyboard;
			sourceTree = "<group>";
		};
		3EE5071D21D02A0900DDDF07 /* LaunchScreen.storyboard */ = {
			isa = PBXVariantGroup;
			children = (
				3EE5071E21D02A0900DDDF07 /* Base */,
			);
			name = LaunchScreen.storyboard;
			sourceTree = "<group>";
		};
/* End PBXVariantGroup section */

/* Begin XCBuildConfiguration section */
		3EE5072121D02A0900DDDF07 /* Debug */ = {
			isa = XCBuildConfiguration;
			buildSettings = {
				ALWAYS_SEARCH_USER_PATHS = NO;
				CLANG_ANALYZER_NONNULL = YES;
				CLANG_ANALYZER_NUMBER_OBJECT_CONVERSION = YES_AGGRESSIVE;
				CLANG_CXX_LANGUAGE_STANDARD = "gnu++14";
				CLANG_CXX_LIBRARY = "libc++";
				CLANG_ENABLE_MODULES = YES;
				CLANG_ENABLE_OBJC_ARC = YES;
				CLANG_ENABLE_OBJC_WEAK = YES;
				CLANG_WARN_BLOCK_CAPTURE_AUTORELEASING = YES;
				CLANG_WARN_BOOL_CONVERSION = YES;
				CLANG_WARN_COMMA = YES;
				CLANG_WARN_CONSTANT_CONVERSION = YES;
				CLANG_WARN_DEPRECATED_OBJC_IMPLEMENTATIONS = YES;
				CLANG_WARN_DIRECT_OBJC_ISA_USAGE = YES_ERROR;
				CLANG_WARN_DOCUMENTATION_COMMENTS = YES;
				CLANG_WARN_EMPTY_BODY = YES;
				CLANG_WARN_ENUM_CONVERSION = YES;
				CLANG_WARN_INFINITE_RECURSION = YES;
				CLANG_WARN_INT_CONVERSION = YES;
				CLANG_WARN_NON_LITERAL_NULL_CONVERSION = YES;
				CLANG_WARN_OBJC_IMPLICIT_RETAIN_SELF = YES;
				CLANG_WARN_OBJC_LITERAL_CONVERSION = YES;
				CLANG_WARN_OBJC_ROOT_CLASS = YES_ERROR;
				CLANG_WARN_RANGE_LOOP_ANALYSIS = YES;
				CLANG_WARN_STRICT_PROTOTYPES = YES;
				CLANG_WARN_SUSPICIOUS_MOVE = YES;
				CLANG_WARN_UNGUARDED_AVAILABILITY = YES_AGGRESSIVE;
				CLANG_WARN_UNREACHABLE_CODE = YES;
				CLANG_WARN__DUPLICATE_METHOD_MATCH = YES;
				CODE_SIGN_IDENTITY = "iPhone Developer";
				COPY_PHASE_STRIP = NO;
				DEBUG_INFORMATION_FORMAT = dwarf;
				ENABLE_STRICT_OBJC_MSGSEND = YES;
				ENABLE_TESTABILITY = YES;
				GCC_C_LANGUAGE_STANDARD = gnu11;
				GCC_DYNAMIC_NO_PIC = NO;
				GCC_NO_COMMON_BLOCKS = YES;
				GCC_OPTIMIZATION_LEVEL = 0;
				GCC_PREPROCESSOR_DEFINITIONS = (
					"DEBUG=1",
					"$(inherited)",
				);
				GCC_WARN_64_TO_32_BIT_CONVERSION = YES;
				GCC_WARN_ABOUT_RETURN_TYPE = YES_ERROR;
				GCC_WARN_UNDECLARED_SELECTOR = YES;
				GCC_WARN_UNINITIALIZED_AUTOS = YES_AGGRESSIVE;
				GCC_WARN_UNUSED_FUNCTION = YES;
				GCC_WARN_UNUSED_VARIABLE = YES;
				IPHONEOS_DEPLOYMENT_TARGET = 12.1;
				MTL_ENABLE_DEBUG_INFO = INCLUDE_SOURCE;
				MTL_FAST_MATH = YES;
				ONLY_ACTIVE_ARCH = YES;
				SDKROOT = iphoneos;
				SWIFT_ACTIVE_COMPILATION_CONDITIONS = DEBUG;
				SWIFT_OPTIMIZATION_LEVEL = "-Onone";
			};
			name = Debug;
		};
		3EE5072221D02A0900DDDF07 /* Release */ = {
			isa = XCBuildConfiguration;
			buildSettings = {
				ALWAYS_SEARCH_USER_PATHS = NO;
				CLANG_ANALYZER_NONNULL = YES;
				CLANG_ANALYZER_NUMBER_OBJECT_CONVERSION = YES_AGGRESSIVE;
				CLANG_CXX_LANGUAGE_STANDARD = "gnu++14";
				CLANG_CXX_LIBRARY = "libc++";
				CLANG_ENABLE_MODULES = YES;
				CLANG_ENABLE_OBJC_ARC = YES;
				CLANG_ENABLE_OBJC_WEAK = YES;
				CLANG_WARN_BLOCK_CAPTURE_AUTORELEASING = YES;
				CLANG_WARN_BOOL_CONVERSION = YES;
				CLANG_WARN_COMMA = YES;
				CLANG_WARN_CONSTANT_CONVERSION = YES;
				CLANG_WARN_DEPRECATED_OBJC_IMPLEMENTATIONS = YES;
				CLANG_WARN_DIRECT_OBJC_ISA_USAGE = YES_ERROR;
				CLANG_WARN_DOCUMENTATION_COMMENTS = YES;
				CLANG_WARN_EMPTY_BODY = YES;
				CLANG_WARN_ENUM_CONVERSION = YES;
				CLANG_WARN_INFINITE_RECURSION = YES;
				CLANG_WARN_INT_CONVERSION = YES;
				CLANG_WARN_NON_LITERAL_NULL_CONVERSION = YES;
				CLANG_WARN_OBJC_IMPLICIT_RETAIN_SELF = YES;
				CLANG_WARN_OBJC_LITERAL_CONVERSION = YES;
				CLANG_WARN_OBJC_ROOT_CLASS = YES_ERROR;
				CLANG_WARN_RANGE_LOOP_ANALYSIS = YES;
				CLANG_WARN_STRICT_PROTOTYPES = YES;
				CLANG_WARN_SUSPICIOUS_MOVE = YES;
				CLANG_WARN_UNGUARDED_AVAILABILITY = YES_AGGRESSIVE;
				CLANG_WARN_UNREACHABLE_CODE = YES;
				CLANG_WARN__DUPLICATE_METHOD_MATCH = YES;
				CODE_SIGN_IDENTITY = "iPhone Developer";
				COPY_PHASE_STRIP = NO;
				DEBUG_INFORMATION_FORMAT = "dwarf-with-dsym";
				ENABLE_NS_ASSERTIONS = NO;
				ENABLE_STRICT_OBJC_MSGSEND = YES;
				GCC_C_LANGUAGE_STANDARD = gnu11;
				GCC_NO_COMMON_BLOCKS = YES;
				GCC_WARN_64_TO_32_BIT_CONVERSION = YES;
				GCC_WARN_ABOUT_RETURN_TYPE = YES_ERROR;
				GCC_WARN_UNDECLARED_SELECTOR = YES;
				GCC_WARN_UNINITIALIZED_AUTOS = YES_AGGRESSIVE;
				GCC_WARN_UNUSED_FUNCTION = YES;
				GCC_WARN_UNUSED_VARIABLE = YES;
				IPHONEOS_DEPLOYMENT_TARGET = 12.1;
				MTL_ENABLE_DEBUG_INFO = NO;
				MTL_FAST_MATH = YES;
				SDKROOT = iphoneos;
				SWIFT_COMPILATION_MODE = wholemodule;
				SWIFT_OPTIMIZATION_LEVEL = "-O";
				VALIDATE_PRODUCT = YES;
			};
			name = Release;
		};
		3EE5072421D02A0900DDDF07 /* Debug */ = {
			isa = XCBuildConfiguration;
			buildSettings = {
				ASSETCATALOG_COMPILER_APPICON_NAME = AppIcon;
				CODE_SIGN_ENTITLEMENTS = LDR/LDR.entitlements;
				CODE_SIGN_STYLE = Automatic;
				DEVELOPMENT_TEAM = D6W66G49J8;
				INFOPLIST_FILE = LDR/Info.plist;
				LD_RUNPATH_SEARCH_PATHS = (
					"$(inherited)",
					"@executable_path/Frameworks",
				);
				PRODUCT_BUNDLE_IDENTIFIER = com.moosa.ios.LDR;
				PRODUCT_NAME = "$(TARGET_NAME)";
				SWIFT_VERSION = 4.2;
				TARGETED_DEVICE_FAMILY = "1,2";
			};
			name = Debug;
		};
		3EE5072521D02A0900DDDF07 /* Release */ = {
			isa = XCBuildConfiguration;
			buildSettings = {
				ASSETCATALOG_COMPILER_APPICON_NAME = AppIcon;
				CODE_SIGN_ENTITLEMENTS = LDR/LDR.entitlements;
				CODE_SIGN_STYLE = Automatic;
				DEVELOPMENT_TEAM = D6W66G49J8;
				INFOPLIST_FILE = LDR/Info.plist;
				LD_RUNPATH_SEARCH_PATHS = (
					"$(inherited)",
					"@executable_path/Frameworks",
				);
				PRODUCT_BUNDLE_IDENTIFIER = com.moosa.ios.LDR;
				PRODUCT_NAME = "$(TARGET_NAME)";
				SWIFT_VERSION = 4.2;
				TARGETED_DEVICE_FAMILY = "1,2";
			};
			name = Release;
		};
/* End XCBuildConfiguration section */

/* Begin XCConfigurationList section */
		3EE5070C21D02A0600DDDF07 /* Build configuration list for PBXProject "LDR" */ = {
			isa = XCConfigurationList;
			buildConfigurations = (
				3EE5072121D02A0900DDDF07 /* Debug */,
				3EE5072221D02A0900DDDF07 /* Release */,
			);
			defaultConfigurationIsVisible = 0;
			defaultConfigurationName = Release;
		};
		3EE5072321D02A0900DDDF07 /* Build configuration list for PBXNativeTarget "LDR" */ = {
			isa = XCConfigurationList;
			buildConfigurations = (
				3EE5072421D02A0900DDDF07 /* Debug */,
				3EE5072521D02A0900DDDF07 /* Release */,
			);
			defaultConfigurationIsVisible = 0;
			defaultConfigurationName = Release;
		};
/* End XCConfigurationList section */
	};
	rootObject = 3EE5070921D02A0600DDDF07 /* Project object */;
}
